{
  "version": 4,
  "terraform_version": "1.6.2",
  "serial": 63,
  "lineage": "99d813e0-fd3b-0013-7b0d-37452da92ae0",
  "outputs": {},
  "resources": [
    {
      "mode": "managed",
      "type": "random_integer",
      "name": "seconds",
      "provider": "provider[\"registry.terraform.io/hashicorp/random\"]",
      "instances": [
        {
          "schema_version": 0,
          "attributes": {
            "id": "39",
            "keepers": {
              "now": "2024-04-08T21:41:07Z"
            },
            "max": 60,
            "min": 20,
            "result": 39,
            "seed": null
          },
          "sensitive_attributes": []
        }
      ]
    },
    {
      "mode": "managed",
      "type": "time_sleep",
      "name": "wait_random_seconds",
      "provider": "provider[\"registry.terraform.io/hashicorp/time\"]",
      "instances": [
        {
          "schema_version": 0,
          "attributes": {
            "create_duration": "39s",
            "destroy_duration": null,
            "id": "2024-04-08T21:41:46Z",
            "triggers": {
              "rerun": "39"
            }
          },
          "sensitive_attributes": [],
          "dependencies": [
            "random_integer.seconds"
          ]
        }
      ]
    }
  ],
  "check_results": null
}
