{
  "version": 4,
  "terraform_version": "1.8.2",
  "serial": 11,
  "lineage": "3bda4eb0-63f7-3dce-42c2-b6a157e8c24f",
  "outputs": {
    "pets": {
      "value": [
        "stirring-dragon",
        "one-buck",
        "united-doe",
        "climbing-lemur",
        "fresh-gannet",
        "cool-octopus",
        "master-narwhal",
        "coherent-titmouse",
        "moving-oarfish",
        "simple-maggot"
      ],
      "type": [
        "tuple",
        [
          "string",
          "string",
          "string",
          "string",
          "string",
          "string",
          "string",
          "string",
          "string",
          "string"
        ]
      ]
    }
  },
  "resources": [
    {
      "mode": "managed",
      "type": "random_pet",
      "name": "pet",
      "provider": "provider[\"registry.terraform.io/hashicorp/random\"]",
      "instances": [
        {
          "index_key": 0,
          "schema_version": 0,
          "attributes": {
            "id": "stirring-dragon",
            "keepers": {
              "now": "2024-07-09T17:44:08Z"
            },
            "length": 2,
            "prefix": null,
            "separator": "-"
          },
          "sensitive_attributes": []
        },
        {
          "index_key": 1,
          "schema_version": 0,
          "attributes": {
            "id": "one-buck",
            "keepers": {
              "now": "2024-07-09T17:44:08Z"
            },
            "length": 2,
            "prefix": null,
            "separator": "-"
          },
          "sensitive_attributes": []
        },
        {
          "index_key": 2,
          "schema_version": 0,
          "attributes": {
            "id": "united-doe",
            "keepers": {
              "now": "2024-07-09T17:44:08Z"
            },
            "length": 2,
            "prefix": null,
            "separator": "-"
          },
          "sensitive_attributes": []
        },
        {
          "index_key": 3,
          "schema_version": 0,
          "attributes": {
            "id": "climbing-lemur",
            "keepers": {
              "now": "2024-07-09T17:44:08Z"
            },
            "length": 2,
            "prefix": null,
            "separator": "-"
          },
          "sensitive_attributes": []
        },
        {
          "index_key": 4,
          "schema_version": 0,
          "attributes": {
            "id": "fresh-gannet",
            "keepers": {
              "now": "2024-07-09T17:44:08Z"
            },
            "length": 2,
            "prefix": null,
            "separator": "-"
          },
          "sensitive_attributes": []
        },
        {
          "index_key": 5,
          "schema_version": 0,
          "attributes": {
            "id": "cool-octopus",
            "keepers": {
              "now": "2024-07-09T17:44:08Z"
            },
            "length": 2,
            "prefix": null,
            "separator": "-"
          },
          "sensitive_attributes": []
        },
        {
          "index_key": 6,
          "schema_version": 0,
          "attributes": {
            "id": "master-narwhal",
            "keepers": {
              "now": "2024-07-09T17:44:08Z"
            },
            "length": 2,
            "prefix": null,
            "separator": "-"
          },
          "sensitive_attributes": []
        },
        {
          "index_key": 7,
          "schema_version": 0,
          "attributes": {
            "id": "coherent-titmouse",
            "keepers": {
              "now": "2024-07-09T17:44:08Z"
            },
            "length": 2,
            "prefix": null,
            "separator": "-"
          },
          "sensitive_attributes": []
        },
        {
          "index_key": 8,
          "schema_version": 0,
          "attributes": {
            "id": "moving-oarfish",
            "keepers": {
              "now": "2024-07-09T17:44:08Z"
            },
            "length": 2,
            "prefix": null,
            "separator": "-"
          },
          "sensitive_attributes": []
        },
        {
          "index_key": 9,
          "schema_version": 0,
          "attributes": {
            "id": "simple-maggot",
            "keepers": {
              "now": "2024-07-09T17:44:08Z"
            },
            "length": 2,
            "prefix": null,
            "separator": "-"
          },
          "sensitive_attributes": []
        }
      ]
    }
  ],
  "check_results": null
}
