{
  "version": 4,
  "terraform_version": "1.6.2",
  "serial": 844,
  "lineage": "d0e456a4-122e-01de-0b2f-c68c0f7bf41c",
  "outputs": {},
  "resources": [
    {
      "mode": "managed",
      "type": "random_integer",
      "name": "seconds",
      "provider": "provider[\"registry.terraform.io/hashicorp/random\"]",
      "instances": [
        {
          "schema_version": 0,
          "attributes": {
            "id": "2",
            "keepers": {
              "now": "2024-04-08T21:41:08Z"
            },
            "max": 2,
            "min": 1,
            "result": 2,
            "seed": null
          },
          "sensitive_attributes": []
        }
      ]
    },
    {
      "mode": "managed",
      "type": "time_sleep",
      "name": "wait_random_seconds",
      "provider": "provider[\"registry.terraform.io/hashicorp/time\"]",
      "instances": [
        {
          "schema_version": 0,
          "attributes": {
            "create_duration": "2s",
            "destroy_duration": null,
            "id": "2024-04-08T21:41:10Z",
            "triggers": {
              "rerun": "2"
            }
          },
          "sensitive_attributes": [],
          "dependencies": [
            "random_integer.seconds"
          ]
        }
      ]
    }
  ],
  "check_results": null
}
