{
  "version": 4,
  "terraform_version": "1.6.2",
  "serial": 68,
  "lineage": "e92c2230-b20a-f5a4-dcd2-759d7824ce2d",
  "outputs": {},
  "resources": [
    {
      "mode": "managed",
      "type": "random_integer",
      "name": "seconds",
      "provider": "provider[\"registry.terraform.io/hashicorp/random\"]",
      "instances": [
        {
          "schema_version": 0,
          "attributes": {
            "id": "59",
            "keepers": {
              "now": "2024-04-08T21:41:10Z"
            },
            "max": 60,
            "min": 20,
            "result": 59,
            "seed": null
          },
          "sensitive_attributes": []
        }
      ]
    },
    {
      "mode": "managed",
      "type": "time_sleep",
      "name": "wait_random_seconds",
      "provider": "provider[\"registry.terraform.io/hashicorp/time\"]",
      "instances": [
        {
          "schema_version": 0,
          "attributes": {
            "create_duration": "59s",
            "destroy_duration": null,
            "id": "2024-04-08T21:42:09Z",
            "triggers": {
              "rerun": "59"
            }
          },
          "sensitive_attributes": [],
          "dependencies": [
            "random_integer.seconds"
          ]
        }
      ]
    }
  ],
  "check_results": null
}
