{
  "version": 4,
  "terraform_version": "1.8.2",
  "serial": 325,
  "lineage": "398fa163-cc96-aff2-cc5f-78c1991717f1",
  "outputs": {
    "child_pet1": {
      "value": "thorough-alpaca",
      "type": "string"
    },
    "child_pet2": {
      "value": "trusting-panther",
      "type": "string"
    },
    "pet1": {
      "value": "cool-firefly",
      "type": "string"
    }
  },
  "resources": [
    {
      "mode": "managed",
      "type": "random_integer",
      "name": "suffix",
      "provider": "provider[\"registry.terraform.io/hashicorp/random\"]",
      "instances": [
        {
          "schema_version": 0,
          "attributes": {
            "id": "9325",
            "keepers": {
              "now": "2024-05-18T13:27:06Z"
            },
            "max": 9999,
            "min": 1000,
            "result": 9325,
            "seed": null
          },
          "sensitive_attributes": []
        }
      ]
    },
    {
      "mode": "managed",
      "type": "random_pet",
      "name": "pet",
      "provider": "provider[\"registry.terraform.io/hashicorp/random\"]",
      "instances": [
        {
          "index_key": 0,
          "schema_version": 0,
          "attributes": {
            "id": "flexible-kingfish",
            "keepers": {
              "now": "2024-05-18T13:27:06Z"
            },
            "length": 2,
            "prefix": null,
            "separator": "-"
          },
          "sensitive_attributes": []
        },
        {
          "index_key": 1,
          "status": "tainted",
          "schema_version": 0,
          "attributes": {
            "id": "cool-firefly",
            "keepers": {
              "now": "2024-05-18T13:27:06Z"
            },
            "length": 2,
            "prefix": null,
            "separator": "-"
          },
          "sensitive_attributes": []
        },
        {
          "index_key": 2,
          "schema_version": 0,
          "attributes": {
            "id": "novel-magpie",
            "keepers": {
              "now": "2024-05-18T13:27:06Z"
            },
            "length": 2,
            "prefix": null,
            "separator": "-"
          },
          "sensitive_attributes": []
        },
        {
          "index_key": 5,
          "schema_version": 0,
          "attributes": {
            "id": "huge-cowbird",
            "keepers": {
              "now": "2024-05-18T13:27:06Z"
            },
            "length": 2,
            "prefix": null,
            "separator": "-"
          },
          "sensitive_attributes": []
        },
        {
          "index_key": 7,
          "schema_version": 0,
          "attributes": {
            "id": "peaceful-gator",
            "keepers": {
              "now": "2024-05-18T13:27:06Z"
            },
            "length": 2,
            "prefix": null,
            "separator": "-"
          },
          "sensitive_attributes": []
        },
        {
          "index_key": 8,
          "schema_version": 0,
          "attributes": {
            "id": "humble-puma",
            "keepers": {
              "now": "2024-05-18T13:27:06Z"
            },
            "length": 2,
            "prefix": null,
            "separator": "-"
          },
          "sensitive_attributes": []
        },
        {
          "index_key": 9,
          "schema_version": 0,
          "attributes": {
            "id": "crack-parakeet",
            "keepers": {
              "now": "2024-05-18T13:27:06Z"
            },
            "length": 2,
            "prefix": null,
            "separator": "-"
          },
          "sensitive_attributes": []
        },
        {
          "index_key": 23,
          "status": "tainted",
          "schema_version": 0,
          "attributes": {
            "id": "viable-basilisk",
            "keepers": {
              "now": "2024-05-18T13:27:06Z"
            },
            "length": 2,
            "prefix": null,
            "separator": "-"
          },
          "sensitive_attributes": []
        },
        {
          "index_key": 44,
          "status": "tainted",
          "schema_version": 0,
          "attributes": {
            "id": "crisp-raptor",
            "keepers": {
              "now": "2024-05-18T13:27:06Z"
            },
            "length": 2,
            "prefix": null,
            "separator": "-"
          },
          "sensitive_attributes": []
        }
      ]
    },
    {
      "module": "module.child1",
      "mode": "managed",
      "type": "random_integer",
      "name": "suffix",
      "provider": "provider[\"registry.terraform.io/hashicorp/random\"]",
      "instances": [
        {
          "schema_version": 0,
          "attributes": {
            "id": "1565",
            "keepers": {
              "now": "2024-05-18T13:27:06Z"
            },
            "max": 9999,
            "min": 1000,
            "result": 1565,
            "seed": null
          },
          "sensitive_attributes": []
        }
      ]
    },
    {
      "module": "module.child1",
      "mode": "managed",
      "type": "random_pet",
      "name": "pet",
      "provider": "provider[\"registry.terraform.io/hashicorp/random\"]",
      "instances": [
        {
          "schema_version": 0,
          "attributes": {
            "id": "thorough-alpaca",
            "keepers": {
              "now": "2024-05-18T13:27:06Z"
            },
            "length": 2,
            "prefix": null,
            "separator": "-"
          },
          "sensitive_attributes": []
        }
      ]
    },
    {
      "module": "module.child2",
      "mode": "managed",
      "type": "random_integer",
      "name": "suffix",
      "provider": "provider[\"registry.terraform.io/hashicorp/random\"]",
      "instances": [
        {
          "status": "tainted",
          "schema_version": 0,
          "attributes": {
            "id": "7097",
            "keepers": {
              "now": "2024-05-18T13:27:06Z"
            },
            "max": 9999,
            "min": 1000,
            "result": 7097,
            "seed": null
          },
          "sensitive_attributes": []
        }
      ]
    },
    {
      "module": "module.child2",
      "mode": "managed",
      "type": "random_pet",
      "name": "pet",
      "provider": "provider[\"registry.terraform.io/hashicorp/random\"]",
      "instances": [
        {
          "status": "tainted",
          "schema_version": 0,
          "attributes": {
            "id": "trusting-panther",
            "keepers": {
              "now": "2024-05-18T13:27:06Z"
            },
            "length": 2,
            "prefix": null,
            "separator": "-"
          },
          "sensitive_attributes": []
        }
      ]
    },
    {
      "module": "module.child2.module.child3",
      "mode": "managed",
      "type": "random_integer",
      "name": "suffix",
      "provider": "provider[\"registry.terraform.io/hashicorp/random\"]",
      "instances": [
        {
          "status": "tainted",
          "schema_version": 0,
          "attributes": {
            "id": "5059",
            "keepers": {
              "now": "2024-05-18T13:27:06Z"
            },
            "max": 9999,
            "min": 1000,
            "result": 5059,
            "seed": null
          },
          "sensitive_attributes": []
        }
      ]
    },
    {
      "module": "module.child2.module.child3",
      "mode": "managed",
      "type": "random_pet",
      "name": "pet",
      "provider": "provider[\"registry.terraform.io/hashicorp/random\"]",
      "instances": [
        {
          "status": "tainted",
          "schema_version": 0,
          "attributes": {
            "id": "frank-grizzly",
            "keepers": {
              "now": "2024-05-18T13:27:06Z"
            },
            "length": 2,
            "prefix": null,
            "separator": "-"
          },
          "sensitive_attributes": []
        }
      ]
    }
  ],
  "check_results": null
}
