{
  "version": 4,
  "terraform_version": "1.8.2",
  "serial": 265,
  "lineage": "398fa163-cc96-aff2-cc5f-78c1991717f1",
  "outputs": {
    "child_pet1": {
      "value": "boss-platypus",
      "type": "string"
    },
    "child_pet2": {
      "value": "included-squid",
      "type": "string"
    },
    "pet1": {
      "value": "aware-pigeon",
      "type": "string"
    }
  },
  "resources": [
    {
      "mode": "managed",
      "type": "random_integer",
      "name": "suffix",
      "provider": "provider[\"registry.terraform.io/hashicorp/random\"]",
      "instances": [
        {
          "status": "tainted",
          "schema_version": 0,
          "attributes": {
            "id": "8284",
            "keepers": {
              "now": "2024-04-08T21:41:07Z"
            },
            "max": 9999,
            "min": 1000,
            "result": 8284,
            "seed": null
          },
          "sensitive_attributes": []
        }
      ]
    },
    {
      "mode": "managed",
      "type": "random_pet",
      "name": "pet",
      "provider": "provider[\"registry.terraform.io/hashicorp/random\"]",
      "instances": [
        {
          "status": "tainted",
          "schema_version": 0,
          "attributes": {
            "id": "aware-pigeon",
            "keepers": {
              "now": "2024-04-08T21:41:07Z"
            },
            "length": 2,
            "prefix": null,
            "separator": "-"
          },
          "sensitive_attributes": []
        }
      ]
    },
    {
      "module": "module.child1",
      "mode": "managed",
      "type": "random_integer",
      "name": "suffix",
      "provider": "provider[\"registry.terraform.io/hashicorp/random\"]",
      "instances": [
        {
          "status": "tainted",
          "schema_version": 0,
          "attributes": {
            "id": "7519",
            "keepers": {
              "now": "2024-04-08T21:41:07Z"
            },
            "max": 9999,
            "min": 1000,
            "result": 7519,
            "seed": null
          },
          "sensitive_attributes": []
        }
      ]
    },
    {
      "module": "module.child1",
      "mode": "managed",
      "type": "random_pet",
      "name": "pet",
      "provider": "provider[\"registry.terraform.io/hashicorp/random\"]",
      "instances": [
        {
          "status": "tainted",
          "schema_version": 0,
          "attributes": {
            "id": "boss-platypus",
            "keepers": {
              "now": "2024-04-08T21:41:07Z"
            },
            "length": 2,
            "prefix": null,
            "separator": "-"
          },
          "sensitive_attributes": []
        }
      ]
    },
    {
      "module": "module.child2",
      "mode": "managed",
      "type": "random_integer",
      "name": "suffix",
      "provider": "provider[\"registry.terraform.io/hashicorp/random\"]",
      "instances": [
        {
          "status": "tainted",
          "schema_version": 0,
          "attributes": {
            "id": "4954",
            "keepers": {
              "now": "2024-04-08T21:41:07Z"
            },
            "max": 9999,
            "min": 1000,
            "result": 4954,
            "seed": null
          },
          "sensitive_attributes": []
        }
      ]
    },
    {
      "module": "module.child2",
      "mode": "managed",
      "type": "random_pet",
      "name": "pet",
      "provider": "provider[\"registry.terraform.io/hashicorp/random\"]",
      "instances": [
        {
          "status": "tainted",
          "schema_version": 0,
          "attributes": {
            "id": "included-squid",
            "keepers": {
              "now": "2024-04-08T21:41:07Z"
            },
            "length": 2,
            "prefix": null,
            "separator": "-"
          },
          "sensitive_attributes": []
        }
      ]
    },
    {
      "module": "module.child2.module.child3",
      "mode": "managed",
      "type": "random_integer",
      "name": "suffix",
      "provider": "provider[\"registry.terraform.io/hashicorp/random\"]",
      "instances": [
        {
          "status": "tainted",
          "schema_version": 0,
          "attributes": {
            "id": "3729",
            "keepers": {
              "now": "2024-04-08T21:41:07Z"
            },
            "max": 9999,
            "min": 1000,
            "result": 3729,
            "seed": null
          },
          "sensitive_attributes": []
        }
      ]
    },
    {
      "module": "module.child2.module.child3",
      "mode": "managed",
      "type": "random_pet",
      "name": "pe3",
      "provider": "provider[\"registry.terraform.io/hashicorp/random\"]",
      "instances": [
        {
          "status": "tainted",
          "schema_version": 0,
          "attributes": {
            "id": "warm-koi",
            "keepers": {
              "now": "2024-04-08T21:41:07Z"
            },
            "length": 2,
            "prefix": null,
            "separator": "-"
          },
          "sensitive_attributes": []
        }
      ]
    }
  ],
  "check_results": null
}
