{
  "version": 4,
  "terraform_version": "1.8.2",
  "serial": 11,
  "lineage": "edd1a467-5dea-4b61-0356-8ea6e08c14bf",
  "outputs": {
    "pets": {
      "value": [
        "steady-barnacle",
        "relative-mustang",
        "factual-camel",
        "open-weevil",
        "patient-serval",
        "divine-kangaroo",
        "polished-pangolin",
        "sweeping-bedbug",
        "aware-lamprey",
        "famous-gopher"
      ],
      "type": [
        "tuple",
        [
          "string",
          "string",
          "string",
          "string",
          "string",
          "string",
          "string",
          "string",
          "string",
          "string"
        ]
      ]
    }
  },
  "resources": [
    {
      "mode": "managed",
      "type": "random_pet",
      "name": "pet",
      "provider": "provider[\"registry.terraform.io/hashicorp/random\"]",
      "instances": [
        {
          "index_key": 0,
          "schema_version": 0,
          "attributes": {
            "id": "steady-barnacle",
            "keepers": {
              "now": "2024-07-09T17:45:17Z"
            },
            "length": 2,
            "prefix": null,
            "separator": "-"
          },
          "sensitive_attributes": []
        },
        {
          "index_key": 1,
          "schema_version": 0,
          "attributes": {
            "id": "relative-mustang",
            "keepers": {
              "now": "2024-07-09T17:45:17Z"
            },
            "length": 2,
            "prefix": null,
            "separator": "-"
          },
          "sensitive_attributes": []
        },
        {
          "index_key": 2,
          "schema_version": 0,
          "attributes": {
            "id": "factual-camel",
            "keepers": {
              "now": "2024-07-09T17:45:17Z"
            },
            "length": 2,
            "prefix": null,
            "separator": "-"
          },
          "sensitive_attributes": []
        },
        {
          "index_key": 3,
          "schema_version": 0,
          "attributes": {
            "id": "open-weevil",
            "keepers": {
              "now": "2024-07-09T17:45:17Z"
            },
            "length": 2,
            "prefix": null,
            "separator": "-"
          },
          "sensitive_attributes": []
        },
        {
          "index_key": 4,
          "schema_version": 0,
          "attributes": {
            "id": "patient-serval",
            "keepers": {
              "now": "2024-07-09T17:45:17Z"
            },
            "length": 2,
            "prefix": null,
            "separator": "-"
          },
          "sensitive_attributes": []
        },
        {
          "index_key": 5,
          "schema_version": 0,
          "attributes": {
            "id": "divine-kangaroo",
            "keepers": {
              "now": "2024-07-09T17:45:17Z"
            },
            "length": 2,
            "prefix": null,
            "separator": "-"
          },
          "sensitive_attributes": []
        },
        {
          "index_key": 6,
          "schema_version": 0,
          "attributes": {
            "id": "polished-pangolin",
            "keepers": {
              "now": "2024-07-09T17:45:17Z"
            },
            "length": 2,
            "prefix": null,
            "separator": "-"
          },
          "sensitive_attributes": []
        },
        {
          "index_key": 7,
          "schema_version": 0,
          "attributes": {
            "id": "sweeping-bedbug",
            "keepers": {
              "now": "2024-07-09T17:45:17Z"
            },
            "length": 2,
            "prefix": null,
            "separator": "-"
          },
          "sensitive_attributes": []
        },
        {
          "index_key": 8,
          "schema_version": 0,
          "attributes": {
            "id": "aware-lamprey",
            "keepers": {
              "now": "2024-07-09T17:45:17Z"
            },
            "length": 2,
            "prefix": null,
            "separator": "-"
          },
          "sensitive_attributes": []
        },
        {
          "index_key": 9,
          "schema_version": 0,
          "attributes": {
            "id": "famous-gopher",
            "keepers": {
              "now": "2024-07-09T17:45:17Z"
            },
            "length": 2,
            "prefix": null,
            "separator": "-"
          },
          "sensitive_attributes": []
        }
      ]
    }
  ],
  "check_results": null
}
