{
  "version": 4,
  "terraform_version": "1.8.2",
  "serial": 32,
  "lineage": "50a8fe5d-e174-4509-aa19-035f819433f4",
  "outputs": {
    "pets": {
      "value": [
        "sought-rodent",
        "selected-mantis",
        "fresh-reindeer",
        "faithful-filly",
        "concise-man",
        "driving-octopus",
        "glorious-silkworm",
        "concise-bullfrog",
        "intimate-snapper",
        "outgoing-thrush"
      ],
      "type": [
        "tuple",
        [
          "string",
          "string",
          "string",
          "string",
          "string",
          "string",
          "string",
          "string",
          "string",
          "string"
        ]
      ]
    }
  },
  "resources": [
    {
      "mode": "managed",
      "type": "random_pet",
      "name": "pet",
      "provider": "provider[\"registry.terraform.io/hashicorp/random\"]",
      "instances": [
        {
          "index_key": 0,
          "schema_version": 0,
          "attributes": {
            "id": "sought-rodent",
            "keepers": {
              "now": "2024-07-08T10:27:05Z"
            },
            "length": 2,
            "prefix": null,
            "separator": "-"
          },
          "sensitive_attributes": []
        },
        {
          "index_key": 1,
          "schema_version": 0,
          "attributes": {
            "id": "selected-mantis",
            "keepers": {
              "now": "2024-07-08T10:27:05Z"
            },
            "length": 2,
            "prefix": null,
            "separator": "-"
          },
          "sensitive_attributes": []
        },
        {
          "index_key": 2,
          "schema_version": 0,
          "attributes": {
            "id": "fresh-reindeer",
            "keepers": {
              "now": "2024-07-08T10:27:05Z"
            },
            "length": 2,
            "prefix": null,
            "separator": "-"
          },
          "sensitive_attributes": []
        },
        {
          "index_key": 3,
          "schema_version": 0,
          "attributes": {
            "id": "faithful-filly",
            "keepers": {
              "now": "2024-07-08T10:27:05Z"
            },
            "length": 2,
            "prefix": null,
            "separator": "-"
          },
          "sensitive_attributes": []
        },
        {
          "index_key": 4,
          "schema_version": 0,
          "attributes": {
            "id": "concise-man",
            "keepers": {
              "now": "2024-07-08T10:27:05Z"
            },
            "length": 2,
            "prefix": null,
            "separator": "-"
          },
          "sensitive_attributes": []
        },
        {
          "index_key": 5,
          "schema_version": 0,
          "attributes": {
            "id": "driving-octopus",
            "keepers": {
              "now": "2024-07-08T10:27:05Z"
            },
            "length": 2,
            "prefix": null,
            "separator": "-"
          },
          "sensitive_attributes": []
        },
        {
          "index_key": 6,
          "schema_version": 0,
          "attributes": {
            "id": "glorious-silkworm",
            "keepers": {
              "now": "2024-07-08T10:27:05Z"
            },
            "length": 2,
            "prefix": null,
            "separator": "-"
          },
          "sensitive_attributes": []
        },
        {
          "index_key": 7,
          "schema_version": 0,
          "attributes": {
            "id": "concise-bullfrog",
            "keepers": {
              "now": "2024-07-08T10:27:05Z"
            },
            "length": 2,
            "prefix": null,
            "separator": "-"
          },
          "sensitive_attributes": []
        },
        {
          "index_key": 8,
          "schema_version": 0,
          "attributes": {
            "id": "intimate-snapper",
            "keepers": {
              "now": "2024-07-08T10:27:05Z"
            },
            "length": 2,
            "prefix": null,
            "separator": "-"
          },
          "sensitive_attributes": []
        },
        {
          "index_key": 9,
          "schema_version": 0,
          "attributes": {
            "id": "outgoing-thrush",
            "keepers": {
              "now": "2024-07-08T10:27:05Z"
            },
            "length": 2,
            "prefix": null,
            "separator": "-"
          },
          "sensitive_attributes": []
        }
      ]
    }
  ],
  "check_results": null
}
