{
  "version": 4,
  "terraform_version": "1.8.2",
  "serial": 30,
  "lineage": "6c767a75-a62a-1d9e-42ec-c7efaaadba0e",
  "outputs": {
    "pets": {
      "value": [
        "relieved-mink",
        "quick-boar",
        "trusty-cod",
        "main-jackass",
        "unified-moth",
        "boss-pangolin",
        "touched-monitor",
        "still-manatee",
        "big-snake",
        "artistic-rabbit"
      ],
      "type": [
        "tuple",
        [
          "string",
          "string",
          "string",
          "string",
          "string",
          "string",
          "string",
          "string",
          "string",
          "string"
        ]
      ]
    }
  },
  "resources": [
    {
      "mode": "managed",
      "type": "random_pet",
      "name": "pet",
      "provider": "provider[\"registry.terraform.io/hashicorp/random\"]",
      "instances": [
        {
          "index_key": 0,
          "schema_version": 0,
          "attributes": {
            "id": "relieved-mink",
            "keepers": {
              "now": "2024-07-08T10:27:05Z"
            },
            "length": 2,
            "prefix": null,
            "separator": "-"
          },
          "sensitive_attributes": []
        },
        {
          "index_key": 1,
          "schema_version": 0,
          "attributes": {
            "id": "quick-boar",
            "keepers": {
              "now": "2024-07-08T10:27:05Z"
            },
            "length": 2,
            "prefix": null,
            "separator": "-"
          },
          "sensitive_attributes": []
        },
        {
          "index_key": 2,
          "schema_version": 0,
          "attributes": {
            "id": "trusty-cod",
            "keepers": {
              "now": "2024-07-08T10:27:05Z"
            },
            "length": 2,
            "prefix": null,
            "separator": "-"
          },
          "sensitive_attributes": []
        },
        {
          "index_key": 3,
          "schema_version": 0,
          "attributes": {
            "id": "main-jackass",
            "keepers": {
              "now": "2024-07-08T10:27:05Z"
            },
            "length": 2,
            "prefix": null,
            "separator": "-"
          },
          "sensitive_attributes": []
        },
        {
          "index_key": 4,
          "schema_version": 0,
          "attributes": {
            "id": "unified-moth",
            "keepers": {
              "now": "2024-07-08T10:27:05Z"
            },
            "length": 2,
            "prefix": null,
            "separator": "-"
          },
          "sensitive_attributes": []
        },
        {
          "index_key": 5,
          "schema_version": 0,
          "attributes": {
            "id": "boss-pangolin",
            "keepers": {
              "now": "2024-07-08T10:27:05Z"
            },
            "length": 2,
            "prefix": null,
            "separator": "-"
          },
          "sensitive_attributes": []
        },
        {
          "index_key": 6,
          "schema_version": 0,
          "attributes": {
            "id": "touched-monitor",
            "keepers": {
              "now": "2024-07-08T10:27:05Z"
            },
            "length": 2,
            "prefix": null,
            "separator": "-"
          },
          "sensitive_attributes": []
        },
        {
          "index_key": 7,
          "schema_version": 0,
          "attributes": {
            "id": "still-manatee",
            "keepers": {
              "now": "2024-07-08T10:27:05Z"
            },
            "length": 2,
            "prefix": null,
            "separator": "-"
          },
          "sensitive_attributes": []
        },
        {
          "index_key": 8,
          "schema_version": 0,
          "attributes": {
            "id": "big-snake",
            "keepers": {
              "now": "2024-07-08T10:27:05Z"
            },
            "length": 2,
            "prefix": null,
            "separator": "-"
          },
          "sensitive_attributes": []
        },
        {
          "index_key": 9,
          "schema_version": 0,
          "attributes": {
            "id": "artistic-rabbit",
            "keepers": {
              "now": "2024-07-08T10:27:05Z"
            },
            "length": 2,
            "prefix": null,
            "separator": "-"
          },
          "sensitive_attributes": []
        }
      ]
    }
  ],
  "check_results": null
}
