{
  "version": 4,
  "terraform_version": "1.8.2",
  "serial": 10,
  "lineage": "97511f25-eb7f-2426-f08b-1db56af0e666",
  "outputs": {
    "pets": {
      "value": [
        "champion-kite",
        "suited-sunbird",
        "darling-goat",
        "many-oyster",
        "current-ape",
        "talented-bunny",
        "innocent-falcon",
        "tender-colt",
        "possible-mouse",
        "renewing-hare"
      ],
      "type": [
        "tuple",
        [
          "string",
          "string",
          "string",
          "string",
          "string",
          "string",
          "string",
          "string",
          "string",
          "string"
        ]
      ]
    }
  },
  "resources": [
    {
      "mode": "managed",
      "type": "random_pet",
      "name": "pet",
      "provider": "provider[\"registry.terraform.io/hashicorp/random\"]",
      "instances": [
        {
          "index_key": 0,
          "schema_version": 0,
          "attributes": {
            "id": "champion-kite",
            "keepers": {
              "now": "2024-07-09T17:45:08Z"
            },
            "length": 2,
            "prefix": null,
            "separator": "-"
          },
          "sensitive_attributes": []
        },
        {
          "index_key": 1,
          "schema_version": 0,
          "attributes": {
            "id": "suited-sunbird",
            "keepers": {
              "now": "2024-07-09T17:45:08Z"
            },
            "length": 2,
            "prefix": null,
            "separator": "-"
          },
          "sensitive_attributes": []
        },
        {
          "index_key": 2,
          "schema_version": 0,
          "attributes": {
            "id": "darling-goat",
            "keepers": {
              "now": "2024-07-09T17:45:08Z"
            },
            "length": 2,
            "prefix": null,
            "separator": "-"
          },
          "sensitive_attributes": []
        },
        {
          "index_key": 3,
          "schema_version": 0,
          "attributes": {
            "id": "many-oyster",
            "keepers": {
              "now": "2024-07-09T17:45:08Z"
            },
            "length": 2,
            "prefix": null,
            "separator": "-"
          },
          "sensitive_attributes": []
        },
        {
          "index_key": 4,
          "schema_version": 0,
          "attributes": {
            "id": "current-ape",
            "keepers": {
              "now": "2024-07-09T17:45:08Z"
            },
            "length": 2,
            "prefix": null,
            "separator": "-"
          },
          "sensitive_attributes": []
        },
        {
          "index_key": 5,
          "schema_version": 0,
          "attributes": {
            "id": "talented-bunny",
            "keepers": {
              "now": "2024-07-09T17:45:08Z"
            },
            "length": 2,
            "prefix": null,
            "separator": "-"
          },
          "sensitive_attributes": []
        },
        {
          "index_key": 6,
          "schema_version": 0,
          "attributes": {
            "id": "innocent-falcon",
            "keepers": {
              "now": "2024-07-09T17:45:08Z"
            },
            "length": 2,
            "prefix": null,
            "separator": "-"
          },
          "sensitive_attributes": []
        },
        {
          "index_key": 7,
          "schema_version": 0,
          "attributes": {
            "id": "tender-colt",
            "keepers": {
              "now": "2024-07-09T17:45:08Z"
            },
            "length": 2,
            "prefix": null,
            "separator": "-"
          },
          "sensitive_attributes": []
        },
        {
          "index_key": 8,
          "schema_version": 0,
          "attributes": {
            "id": "possible-mouse",
            "keepers": {
              "now": "2024-07-09T17:45:08Z"
            },
            "length": 2,
            "prefix": null,
            "separator": "-"
          },
          "sensitive_attributes": []
        },
        {
          "index_key": 9,
          "schema_version": 0,
          "attributes": {
            "id": "renewing-hare",
            "keepers": {
              "now": "2024-07-09T17:45:08Z"
            },
            "length": 2,
            "prefix": null,
            "separator": "-"
          },
          "sensitive_attributes": []
        }
      ]
    }
  ],
  "check_results": null
}
