{
  "version": 4,
  "terraform_version": "1.6.2",
  "serial": 11,
  "lineage": "863a9ba0-33ee-c92d-f7ff-5c6ebaa14a53",
  "outputs": {
    "pets": {
      "value": [
        "vast-marten",
        "brave-dolphin",
        "usable-roughy",
        "upright-camel",
        "up-gobbler",
        "elegant-dane",
        "engaged-buck",
        "hip-ringtail",
        "exact-orca",
        "thorough-caiman"
      ],
      "type": [
        "tuple",
        [
          "string",
          "string",
          "string",
          "string",
          "string",
          "string",
          "string",
          "string",
          "string",
          "string"
        ]
      ]
    }
  },
  "resources": [
    {
      "mode": "managed",
      "type": "random_pet",
      "name": "pet",
      "provider": "provider[\"registry.terraform.io/hashicorp/random\"]",
      "instances": [
        {
          "index_key": 0,
          "schema_version": 0,
          "attributes": {
            "id": "vast-marten",
            "keepers": {
              "now": "2024-04-28T08:41:47Z"
            },
            "length": 2,
            "prefix": null,
            "separator": "-"
          },
          "sensitive_attributes": []
        },
        {
          "index_key": 1,
          "schema_version": 0,
          "attributes": {
            "id": "brave-dolphin",
            "keepers": {
              "now": "2024-04-28T08:41:47Z"
            },
            "length": 2,
            "prefix": null,
            "separator": "-"
          },
          "sensitive_attributes": []
        },
        {
          "index_key": 2,
          "schema_version": 0,
          "attributes": {
            "id": "usable-roughy",
            "keepers": {
              "now": "2024-04-28T08:41:47Z"
            },
            "length": 2,
            "prefix": null,
            "separator": "-"
          },
          "sensitive_attributes": []
        },
        {
          "index_key": 3,
          "schema_version": 0,
          "attributes": {
            "id": "upright-camel",
            "keepers": {
              "now": "2024-04-28T08:41:47Z"
            },
            "length": 2,
            "prefix": null,
            "separator": "-"
          },
          "sensitive_attributes": []
        },
        {
          "index_key": 4,
          "schema_version": 0,
          "attributes": {
            "id": "up-gobbler",
            "keepers": {
              "now": "2024-04-28T08:41:47Z"
            },
            "length": 2,
            "prefix": null,
            "separator": "-"
          },
          "sensitive_attributes": []
        },
        {
          "index_key": 5,
          "schema_version": 0,
          "attributes": {
            "id": "elegant-dane",
            "keepers": {
              "now": "2024-04-28T08:41:47Z"
            },
            "length": 2,
            "prefix": null,
            "separator": "-"
          },
          "sensitive_attributes": []
        },
        {
          "index_key": 6,
          "schema_version": 0,
          "attributes": {
            "id": "engaged-buck",
            "keepers": {
              "now": "2024-04-28T08:41:47Z"
            },
            "length": 2,
            "prefix": null,
            "separator": "-"
          },
          "sensitive_attributes": []
        },
        {
          "index_key": 7,
          "schema_version": 0,
          "attributes": {
            "id": "hip-ringtail",
            "keepers": {
              "now": "2024-04-28T08:41:47Z"
            },
            "length": 2,
            "prefix": null,
            "separator": "-"
          },
          "sensitive_attributes": []
        },
        {
          "index_key": 8,
          "schema_version": 0,
          "attributes": {
            "id": "exact-orca",
            "keepers": {
              "now": "2024-04-28T08:41:47Z"
            },
            "length": 2,
            "prefix": null,
            "separator": "-"
          },
          "sensitive_attributes": []
        },
        {
          "index_key": 9,
          "schema_version": 0,
          "attributes": {
            "id": "thorough-caiman",
            "keepers": {
              "now": "2024-04-28T08:41:47Z"
            },
            "length": 2,
            "prefix": null,
            "separator": "-"
          },
          "sensitive_attributes": []
        }
      ]
    }
  ],
  "check_results": null
}
