{
  "version": 4,
  "terraform_version": "1.6.2",
  "serial": 124,
  "lineage": "613ec1c4-fa25-d96a-5525-e4f481af8d48",
  "outputs": {},
  "resources": [
    {
      "mode": "managed",
      "type": "random_integer",
      "name": "seconds",
      "provider": "provider[\"registry.terraform.io/hashicorp/random\"]",
      "instances": [
        {
          "schema_version": 0,
          "attributes": {
            "id": "56",
            "keepers": {
              "now": "2024-04-08T21:42:09Z"
            },
            "max": 60,
            "min": 20,
            "result": 56,
            "seed": null
          },
          "sensitive_attributes": []
        }
      ]
    },
    {
      "mode": "managed",
      "type": "time_sleep",
      "name": "wait_random_seconds",
      "provider": "provider[\"registry.terraform.io/hashicorp/time\"]",
      "instances": [
        {
          "schema_version": 0,
          "attributes": {
            "create_duration": "56s",
            "destroy_duration": null,
            "id": "2024-04-08T21:43:05Z",
            "triggers": {
              "rerun": "56"
            }
          },
          "sensitive_attributes": [],
          "dependencies": [
            "random_integer.seconds"
          ]
        }
      ]
    }
  ],
  "check_results": null
}
