{
  "version": 4,
  "terraform_version": "1.6.2",
  "serial": 299,
  "lineage": "0e398992-3199-6719-5e0b-67ba5e77dd23",
  "outputs": {
    "child_pet1": {
      "value": "loving-bat",
      "type": "string"
    },
    "child_pet2": {
      "value": "decent-wombat",
      "type": "string"
    },
    "pet1": {
      "value": "notable-gibbon",
      "type": "string"
    }
  },
  "resources": [
    {
      "mode": "managed",
      "type": "random_integer",
      "name": "suffix",
      "provider": "provider[\"registry.terraform.io/hashicorp/random\"]",
      "instances": [
        {
          "schema_version": 0,
          "attributes": {
            "id": "4469",
            "keepers": {
              "now": "2024-04-08T21:42:46Z"
            },
            "max": 9999,
            "min": 1000,
            "result": 4469,
            "seed": null
          },
          "sensitive_attributes": []
        }
      ]
    },
    {
      "mode": "managed",
      "type": "random_pet",
      "name": "pet",
      "provider": "provider[\"registry.terraform.io/hashicorp/random\"]",
      "instances": [
        {
          "schema_version": 0,
          "attributes": {
            "id": "notable-gibbon",
            "keepers": {
              "now": "2024-04-08T21:42:46Z"
            },
            "length": 2,
            "prefix": null,
            "separator": "-"
          },
          "sensitive_attributes": []
        }
      ]
    },
    {
      "module": "module.child1",
      "mode": "managed",
      "type": "random_integer",
      "name": "suffix",
      "provider": "provider[\"registry.terraform.io/hashicorp/random\"]",
      "instances": [
        {
          "schema_version": 0,
          "attributes": {
            "id": "6607",
            "keepers": {
              "now": "2024-04-08T21:42:46Z"
            },
            "max": 9999,
            "min": 1000,
            "result": 6607,
            "seed": null
          },
          "sensitive_attributes": []
        }
      ]
    },
    {
      "module": "module.child1",
      "mode": "managed",
      "type": "random_pet",
      "name": "pet",
      "provider": "provider[\"registry.terraform.io/hashicorp/random\"]",
      "instances": [
        {
          "schema_version": 0,
          "attributes": {
            "id": "loving-bat",
            "keepers": {
              "now": "2024-04-08T21:42:46Z"
            },
            "length": 2,
            "prefix": null,
            "separator": "-"
          },
          "sensitive_attributes": []
        }
      ]
    },
    {
      "module": "module.child2",
      "mode": "managed",
      "type": "random_integer",
      "name": "suffix",
      "provider": "provider[\"registry.terraform.io/hashicorp/random\"]",
      "instances": [
        {
          "schema_version": 0,
          "attributes": {
            "id": "1985",
            "keepers": {
              "now": "2024-04-08T21:42:46Z"
            },
            "max": 9999,
            "min": 1000,
            "result": 1985,
            "seed": null
          },
          "sensitive_attributes": []
        }
      ]
    },
    {
      "module": "module.child2",
      "mode": "managed",
      "type": "random_pet",
      "name": "pet",
      "provider": "provider[\"registry.terraform.io/hashicorp/random\"]",
      "instances": [
        {
          "schema_version": 0,
          "attributes": {
            "id": "decent-wombat",
            "keepers": {
              "now": "2024-04-08T21:42:46Z"
            },
            "length": 2,
            "prefix": null,
            "separator": "-"
          },
          "sensitive_attributes": []
        }
      ]
    },
    {
      "module": "module.child2.module.child3",
      "mode": "managed",
      "type": "random_integer",
      "name": "suffix",
      "provider": "provider[\"registry.terraform.io/hashicorp/random\"]",
      "instances": [
        {
          "schema_version": 0,
          "attributes": {
            "id": "4113",
            "keepers": {
              "now": "2024-04-08T21:42:46Z"
            },
            "max": 9999,
            "min": 1000,
            "result": 4113,
            "seed": null
          },
          "sensitive_attributes": []
        }
      ]
    },
    {
      "module": "module.child2.module.child3",
      "mode": "managed",
      "type": "random_pet",
      "name": "pet",
      "provider": "provider[\"registry.terraform.io/hashicorp/random\"]",
      "instances": [
        {
          "schema_version": 0,
          "attributes": {
            "id": "on-kodiak",
            "keepers": {
              "now": "2024-04-08T21:42:46Z"
            },
            "length": 2,
            "prefix": null,
            "separator": "-"
          },
          "sensitive_attributes": []
        }
      ]
    }
  ],
  "check_results": null
}
